
Microsoft Visual Studio Solution File, Format Version 12.00
# Visual Studio Version 17
VisualStudioVersion = 17.3.32901.215
MinimumVisualStudioVersion = 10.0.40219.1
Project("{9A19103F-16F7-4668-BE54-9A1E7A4F7556}") = "Modules.Settings.LocalSettings", "Modules.Settings.LocalSettings\Modules.Settings.LocalSettings.csproj", "{4DBDFFAC-CFAA-4D64-B860-73E4272C96D4}"
EndProject
Project("{9A19103F-16F7-4668-BE54-9A1E7A4F7556}") = "Modules.Settings.LocalSettings.TestApplication", "Modules.Settings.LocalSettings.TestApplication\Modules.Settings.LocalSettings.TestApplication.csproj", "{0C91DBBB-A456-4724-BF48-F68CBB280F03}"
EndProject
Global
	GlobalSection(SolutionConfigurationPlatforms) = preSolution
		Debug|Any CPU = Debug|Any CPU
		Release|Any CPU = Release|Any CPU
	EndGlobalSection
	GlobalSection(ProjectConfigurationPlatforms) = postSolution
		{4DBDFFAC-CFAA-4D64-B860-73E4272C96D4}.Debug|Any CPU.ActiveCfg = Debug|Any CPU
		{4DBDFFAC-CFAA-4D64-B860-73E4272C96D4}.Debug|Any CPU.Build.0 = Debug|Any CPU
		{4DBDFFAC-CFAA-4D64-B860-73E4272C96D4}.Release|Any CPU.ActiveCfg = Release|Any CPU
		{4DBDFFAC-CFAA-4D64-B860-73E4272C96D4}.Release|Any CPU.Build.0 = Release|Any CPU
		{0C91DBBB-A456-4724-BF48-F68CBB280F03}.Debug|Any CPU.ActiveCfg = Debug|Any CPU
		{0C91DBBB-A456-4724-BF48-F68CBB280F03}.Debug|Any CPU.Build.0 = Debug|Any CPU
		{0C91DBBB-A456-4724-BF48-F68CBB280F03}.Release|Any CPU.ActiveCfg = Release|Any CPU
		{0C91DBBB-A456-4724-BF48-F68CBB280F03}.Release|Any CPU.Build.0 = Release|Any CPU
	EndGlobalSection
	GlobalSection(SolutionProperties) = preSolution
		HideSolutionNode = FALSE
	EndGlobalSection
	GlobalSection(ExtensibilityGlobals) = postSolution
		SolutionGuid = {D8F14AD6-6D8B-4EA8-925E-E9382B2F0198}
	EndGlobalSection
EndGlobal
